
Microsoft Visual Studio Solution File, Format Version 12.00
# Visual Studio Version 17
VisualStudioVersion = 17.7.34003.232
MinimumVisualStudioVersion = 10.0.40219.1
Project("{FAE04EC0-301F-11D3-BF4B-00C04F79EFBC}") = "Password validator from flowchart", "Password validator from flowchart.csproj", "{A80508D2-6493-461A-B7AB-E90E1E763A9F}"
EndProject
Global
	GlobalSection(SolutionConfigurationPlatforms) = preSolution
		Debug|Any CPU = Debug|Any CPU
		Release|Any CPU = Release|Any CPU
	EndGlobalSection
	GlobalSection(ProjectConfigurationPlatforms) = postSolution
		{A80508D2-6493-461A-B7AB-E90E1E763A9F}.Debug|Any CPU.ActiveCfg = Debug|Any CPU
		{A80508D2-6493-461A-B7AB-E90E1E763A9F}.Debug|Any CPU.Build.0 = Debug|Any CPU
		{A80508D2-6493-461A-B7AB-E90E1E763A9F}.Release|Any CPU.ActiveCfg = Release|Any CPU
		{A80508D2-6493-461A-B7AB-E90E1E763A9F}.Release|Any CPU.Build.0 = Release|Any CPU
	EndGlobalSection
	GlobalSection(SolutionProperties) = preSolution
		HideSolutionNode = FALSE
	EndGlobalSection
	GlobalSection(ExtensibilityGlobals) = postSolution
		SolutionGuid = {661A321F-5207-4BF6-8A63-390D7E1B59EA}
	EndGlobalSection
EndGlobal
